
Microsoft Visual Studio Solution File, Format Version 12.00
# Visual Studio 15
VisualStudioVersion = 15.0.26228.12
MinimumVisualStudioVersion = 10.0.40219.1
Project("{2150E333-8FDC-42A3-9474-1A3956D46DE8}") = "Applications", "Applications", "{BA66DFE3-2602-4D23-9748-C7107AE20FCE}"
EndProject
Project("{2150E333-8FDC-42A3-9474-1A3956D46DE8}") = "Common", "Common", "{DCE35B37-69B2-42E1-9E49-E7156D8BDCF8}"
EndProject
Project("{2150E333-8FDC-42A3-9474-1A3956D46DE8}") = "Handlers", "Handlers", "{244C487E-2D6B-4261-8691-23AB9AAB3AC5}"
EndProject
Project("{2150E333-8FDC-42A3-9474-1A3956D46DE8}") = "Webhooks", "Webhooks", "{60B7991E-5F4E-4F4F-BF7A-2447A9A1A7A4}"
EndProject
Project("{2150E333-8FDC-42A3-9474-1A3956D46DE8}") = "WebApi", "WebApi", "{A1AFA1FB-A676-4FDE-B260-C85EAF9D0868}"
EndProject
Project("{2150E333-8FDC-42A3-9474-1A3956D46DE8}") = "Applications", "Applications", "{F08F6ECD-D51E-4E5D-9FCA-F3D3F7F3FC9A}"
EndProject
Project("{2150E333-8FDC-42A3-9474-1A3956D46DE8}") = "Tests", "Tests", "{BCABA86B-BE04-455F-9D76-160CC417A98C}"
EndProject
Project("{2150E333-8FDC-42A3-9474-1A3956D46DE8}") = "Common", "Common", "{EB74893F-51BA-40EE-8C0D-64BD2F1B0183}"
EndProject
Project("{2150E333-8FDC-42A3-9474-1A3956D46DE8}") = "ApplicationService", "ApplicationService", "{C9475774-727D-409B-B231-DA821D8F73C1}"
EndProject
Project("{2150E333-8FDC-42A3-9474-1A3956D46DE8}") = "RepositoryService", "RepositoryService", "{03CC1537-5898-47FB-B7FF-7B3ED3B6193A}"
EndProject
Project("{FAE04EC0-301F-11D3-BF4B-00C04F79EFBC}") = "Github.Webhooks.Handler", "Webhooks\Handlers\Github.Webhooks.Handler\Github.Webhooks.Handler.csproj", "{A095506B-FFC5-4D67-A7F8-59A77AF3BDE9}"
EndProject
Project("{FAE04EC0-301F-11D3-BF4B-00C04F79EFBC}") = "Webhooks.Receiver", "Webhooks\Applications\Webhooks.Receiver\Webhooks.Receiver.csproj", "{AE67F9A0-DC3D-43A1-9402-8C71FD716E41}"
EndProject
Project("{2150E333-8FDC-42A3-9474-1A3956D46DE8}") = "Shared.Libraries", "Shared.Libraries", "{FF612EEC-1853-4AFF-B298-A6951712B3D5}"
EndProject
Project("{FAE04EC0-301F-11D3-BF4B-00C04F79EFBC}") = "Shard.Libraries.Payload", "Shared.Libraries\Shard.Libraries.Payload\Shard.Libraries.Payload.csproj", "{755587CE-4330-40A5-992A-DF76EDFD3841}"
EndProject
Project("{FAE04EC0-301F-11D3-BF4B-00C04F79EFBC}") = "Webhooks.CrossCutting", "Webhooks\Common\Webhooks.CrossCutting\Webhooks.CrossCutting.csproj", "{DFC6EEEC-E9AE-4CEF-8C80-E91AC1BCD38B}"
EndProject
Global
	GlobalSection(SolutionConfigurationPlatforms) = preSolution
		Debug|Any CPU = Debug|Any CPU
		Release|Any CPU = Release|Any CPU
	EndGlobalSection
	GlobalSection(ProjectConfigurationPlatforms) = postSolution
		{A095506B-FFC5-4D67-A7F8-59A77AF3BDE9}.Debug|Any CPU.ActiveCfg = Debug|Any CPU
		{A095506B-FFC5-4D67-A7F8-59A77AF3BDE9}.Debug|Any CPU.Build.0 = Debug|Any CPU
		{A095506B-FFC5-4D67-A7F8-59A77AF3BDE9}.Release|Any CPU.ActiveCfg = Release|Any CPU
		{A095506B-FFC5-4D67-A7F8-59A77AF3BDE9}.Release|Any CPU.Build.0 = Release|Any CPU
		{AE67F9A0-DC3D-43A1-9402-8C71FD716E41}.Debug|Any CPU.ActiveCfg = Debug|Any CPU
		{AE67F9A0-DC3D-43A1-9402-8C71FD716E41}.Debug|Any CPU.Build.0 = Debug|Any CPU
		{AE67F9A0-DC3D-43A1-9402-8C71FD716E41}.Release|Any CPU.ActiveCfg = Release|Any CPU
		{AE67F9A0-DC3D-43A1-9402-8C71FD716E41}.Release|Any CPU.Build.0 = Release|Any CPU
		{755587CE-4330-40A5-992A-DF76EDFD3841}.Debug|Any CPU.ActiveCfg = Debug|Any CPU
		{755587CE-4330-40A5-992A-DF76EDFD3841}.Debug|Any CPU.Build.0 = Debug|Any CPU
		{755587CE-4330-40A5-992A-DF76EDFD3841}.Release|Any CPU.ActiveCfg = Release|Any CPU
		{755587CE-4330-40A5-992A-DF76EDFD3841}.Release|Any CPU.Build.0 = Release|Any CPU
		{DFC6EEEC-E9AE-4CEF-8C80-E91AC1BCD38B}.Debug|Any CPU.ActiveCfg = Debug|Any CPU
		{DFC6EEEC-E9AE-4CEF-8C80-E91AC1BCD38B}.Debug|Any CPU.Build.0 = Debug|Any CPU
		{DFC6EEEC-E9AE-4CEF-8C80-E91AC1BCD38B}.Release|Any CPU.ActiveCfg = Release|Any CPU
		{DFC6EEEC-E9AE-4CEF-8C80-E91AC1BCD38B}.Release|Any CPU.Build.0 = Release|Any CPU
	EndGlobalSection
	GlobalSection(SolutionProperties) = preSolution
		HideSolutionNode = FALSE
	EndGlobalSection
	GlobalSection(NestedProjects) = preSolution
		{BA66DFE3-2602-4D23-9748-C7107AE20FCE} = {60B7991E-5F4E-4F4F-BF7A-2447A9A1A7A4}
		{DCE35B37-69B2-42E1-9E49-E7156D8BDCF8} = {60B7991E-5F4E-4F4F-BF7A-2447A9A1A7A4}
		{244C487E-2D6B-4261-8691-23AB9AAB3AC5} = {60B7991E-5F4E-4F4F-BF7A-2447A9A1A7A4}
		{F08F6ECD-D51E-4E5D-9FCA-F3D3F7F3FC9A} = {A1AFA1FB-A676-4FDE-B260-C85EAF9D0868}
		{BCABA86B-BE04-455F-9D76-160CC417A98C} = {60B7991E-5F4E-4F4F-BF7A-2447A9A1A7A4}
		{EB74893F-51BA-40EE-8C0D-64BD2F1B0183} = {A1AFA1FB-A676-4FDE-B260-C85EAF9D0868}
		{C9475774-727D-409B-B231-DA821D8F73C1} = {A1AFA1FB-A676-4FDE-B260-C85EAF9D0868}
		{03CC1537-5898-47FB-B7FF-7B3ED3B6193A} = {A1AFA1FB-A676-4FDE-B260-C85EAF9D0868}
		{A095506B-FFC5-4D67-A7F8-59A77AF3BDE9} = {244C487E-2D6B-4261-8691-23AB9AAB3AC5}
		{AE67F9A0-DC3D-43A1-9402-8C71FD716E41} = {BA66DFE3-2602-4D23-9748-C7107AE20FCE}
		{755587CE-4330-40A5-992A-DF76EDFD3841} = {FF612EEC-1853-4AFF-B298-A6951712B3D5}
		{DFC6EEEC-E9AE-4CEF-8C80-E91AC1BCD38B} = {DCE35B37-69B2-42E1-9E49-E7156D8BDCF8}
	EndGlobalSection
EndGlobal
